// !$*UTF8*$!
{
	archiveVersion = 1;
	classes = {
	};
	objectVersion = 46;
	objects = {

/* Begin PBXBuildFile section */
		745EB1EE1E7E582900B648AA /* main.m in Sources */ = {isa = PBXBuildFile; fileRef = 745EB1ED1E7E582900B648AA /* main.m */; };
		745EB1F11E7E582900B648AA /* AppDelegate.m in Sources */ = {isa = PBXBuildFile; fileRef = 745EB1F01E7E582900B648AA /* AppDelegate.m */; };
		745EB1F41E7E582900B648AA /* ViewController.m in Sources */ = {isa = PBXBuildFile; fileRef = 745EB1F31E7E582900B648AA /* ViewController.m */; };
		745EB1F71E7E582900B648AA /* Main.storyboard in Resources */ = {isa = PBXBuildFile; fileRef = 745EB1F51E7E582900B648AA /* Main.storyboard */; };
		745EB1F91E7E582900B648AA /* Assets.xcassets in Resources */ = {isa = PBXBuildFile; fileRef = 745EB1F81E7E582900B648AA /* Assets.xcassets */; };
		745EB1FC1E7E582900B648AA /* LaunchScreen.storyboard in Resources */ = {isa = PBXBuildFile; fileRef = 745EB1FA1E7E582900B648AA /* LaunchScreen.storyboard */; };
		745EB2071E7E582900B648AA /* runloop____Tests.m in Sources */ = {isa = PBXBuildFile; fileRef = 745EB2061E7E582900B648AA /* runloop____Tests.m */; };
		745EB2121E7E582900B648AA /* runloop____UITests.m in Sources */ = {isa = PBXBuildFile; fileRef = 745EB2111E7E582900B648AA /* runloop____UITests.m */; };
		745EB2211E7E5C0A00B648AA /* spaceship.png in Resources */ = {isa = PBXBuildFile; fileRef = 745EB21F1E7E5C0A00B648AA /* spaceship.png */; };
		745EB2221E7E5C0A00B648AA /* spaceship.jpg in Resources */ = {isa = PBXBuildFile; fileRef = 745EB2201E7E5C0A00B648AA /* spaceship.jpg */; };
/* End PBXBuildFile section */

/* Begin PBXContainerItemProxy section */
		745EB2031E7E582900B648AA /* PBXContainerItemProxy */ = {
			isa = PBXContainerItemProxy;
			containerPortal = 745EB1E11E7E582800B648AA /* Project object */;
			proxyType = 1;
			remoteGlobalIDString = 745EB1E81E7E582900B648AA;
			remoteInfo = "runloop加载大图";
		};
		745EB20E1E7E582900B648AA /* PBXContainerItemProxy */ = {
			isa = PBXContainerItemProxy;
			containerPortal = 745EB1E11E7E582800B648AA /* Project object */;
			proxyType = 1;
			remoteGlobalIDString = 745EB1E81E7E582900B648AA;
			remoteInfo = "runloop加载大图";
		};
/* End PBXContainerItemProxy section */

/* Begin PBXFileReference section */
		745EB1E91E7E582900B648AA /* runloop加载大图.app */ = {isa = PBXFileReference; explicitFileType = wrapper.application; includeInIndex = 0; path = "runloop加载大图.app"; sourceTree = BUILT_PRODUCTS_DIR; };
		745EB1ED1E7E582900B648AA /* main.m */ = {isa = PBXFileReference; lastKnownFileType = sourcecode.c.objc; path = main.m; sourceTree = "<group>"; };
		745EB1EF1E7E582900B648AA /* AppDelegate.h */ = {isa = PBXFileReference; lastKnownFileType = sourcecode.c.h; path = AppDelegate.h; sourceTree = "<group>"; };
		745EB1F01E7E582900B648AA /* AppDelegate.m */ = {isa = PBXFileReference; lastKnownFileType = sourcecode.c.objc; path = AppDelegate.m; sourceTree = "<group>"; };
		745EB1F21E7E582900B648AA /* ViewController.h */ = {isa = PBXFileReference; lastKnownFileType = sourcecode.c.h; path = ViewController.h; sourceTree = "<group>"; };
		745EB1F31E7E582900B648AA /* ViewController.m */ = {isa = PBXFileReference; lastKnownFileType = sourcecode.c.objc; path = ViewController.m; sourceTree = "<group>"; };
		745EB1F61E7E582900B648AA /* Base */ = {isa = PBXFileReference; lastKnownFileType = file.storyboard; name = Base; path = Base.lproj/Main.storyboard; sourceTree = "<group>"; };
		745EB1F81E7E582900B648AA /* Assets.xcassets */ = {isa = PBXFileReference; lastKnownFileType = folder.assetcatalog; path = Assets.xcassets; sourceTree = "<group>"; };
		745EB1FB1E7E582900B648AA /* Base */ = {isa = PBXFileReference; lastKnownFileType = file.storyboard; name = Base; path = Base.lproj/LaunchScreen.storyboard; sourceTree = "<group>"; };
		745EB1FD1E7E582900B648AA /* Info.plist */ = {isa = PBXFileReference; lastKnownFileType = text.plist.xml; path = Info.plist; sourceTree = "<group>"; };
		745EB2021E7E582900B648AA /* runloop加载大图Tests.xctest */ = {isa = PBXFileReference; explicitFileType = wrapper.cfbundle; includeInIndex = 0; path = "runloop加载大图Tests.xctest"; sourceTree = BUILT_PRODUCTS_DIR; };
		745EB2061E7E582900B648AA /* runloop____Tests.m */ = {isa = PBXFileReference; lastKnownFileType = sourcecode.c.objc; path = "runloop____Tests.m"; sourceTree = "<group>"; };
		745EB2081E7E582900B648AA /* Info.plist */ = {isa = PBXFileReference; lastKnownFileType = text.plist.xml; path = Info.plist; sourceTree = "<group>"; };
		745EB20D1E7E582900B648AA /* runloop加载大图UITests.xctest */ = {isa = PBXFileReference; explicitFileType = wrapper.cfbundle; includeInIndex = 0; path = "runloop加载大图UITests.xctest"; sourceTree = BUILT_PRODUCTS_DIR; };
		745EB2111E7E582900B648AA /* runloop____UITests.m */ = {isa = PBXFileReference; lastKnownFileType = sourcecode.c.objc; path = "runloop____UITests.m"; sourceTree = "<group>"; };
		745EB2131E7E582900B648AA /* Info.plist */ = {isa = PBXFileReference; lastKnownFileType = text.plist.xml; path = Info.plist; sourceTree = "<group>"; };
		745EB21F1E7E5C0A00B648AA /* spaceship.png */ = {isa = PBXFileReference; lastKnownFileType = image.png; path = spaceship.png; sourceTree = "<group>"; };
		745EB2201E7E5C0A00B648AA /* spaceship.jpg */ = {isa = PBXFileReference; lastKnownFileType = image.jpeg; path = spaceship.jpg; sourceTree = "<group>"; };
/* End PBXFileReference section */

/* Begin PBXFrameworksBuildPhase section */
		745EB1E61E7E582900B648AA /* Frameworks */ = {
			isa = PBXFrameworksBuildPhase;
			buildActionMask = 2147483647;
			files = (
			);
			runOnlyForDeploymentPostprocessing = 0;
		};
		745EB1FF1E7E582900B648AA /* Frameworks */ = {
			isa = PBXFrameworksBuildPhase;
			buildActionMask = 2147483647;
			files = (
			);
			runOnlyForDeploymentPostprocessing = 0;
		};
		745EB20A1E7E582900B648AA /* Frameworks */ = {
			isa = PBXFrameworksBuildPhase;
			buildActionMask = 2147483647;
			files = (
			);
			runOnlyForDeploymentPostprocessing = 0;
		};
/* End PBXFrameworksBuildPhase section */

/* Begin PBXGroup section */
		745EB1E01E7E582800B648AA = {
			isa = PBXGroup;
			children = (
				745EB1EB1E7E582900B648AA /* runloop加载大图 */,
				745EB2051E7E582900B648AA /* runloop加载大图Tests */,
				745EB2101E7E582900B648AA /* runloop加载大图UITests */,
				745EB1EA1E7E582900B648AA /* Products */,
			);
			sourceTree = "<group>";
		};
		745EB1EA1E7E582900B648AA /* Products */ = {
			isa = PBXGroup;
			children = (
				745EB1E91E7E582900B648AA /* runloop加载大图.app */,
				745EB2021E7E582900B648AA /* runloop加载大图Tests.xctest */,
				745EB20D1E7E582900B648AA /* runloop加载大图UITests.xctest */,
			);
			name = Products;
			sourceTree = "<group>";
		};
		745EB1EB1E7E582900B648AA /* runloop加载大图 */ = {
			isa = PBXGroup;
			children = (
				745EB21F1E7E5C0A00B648AA /* spaceship.png */,
				745EB2201E7E5C0A00B648AA /* spaceship.jpg */,
				745EB1EF1E7E582900B648AA /* AppDelegate.h */,
				745EB1F01E7E582900B648AA /* AppDelegate.m */,
				745EB1F21E7E582900B648AA /* ViewController.h */,
				745EB1F31E7E582900B648AA /* ViewController.m */,
				745EB1F51E7E582900B648AA /* Main.storyboard */,
				745EB1F81E7E582900B648AA /* Assets.xcassets */,
				745EB1FA1E7E582900B648AA /* LaunchScreen.storyboard */,
				745EB1FD1E7E582900B648AA /* Info.plist */,
				745EB1EC1E7E582900B648AA /* Supporting Files */,
			);
			path = "runloop加载大图";
			sourceTree = "<group>";
		};
		745EB1EC1E7E582900B648AA /* Supporting Files */ = {
			isa = PBXGroup;
			children = (
				745EB1ED1E7E582900B648AA /* main.m */,
			);
			name = "Supporting Files";
			sourceTree = "<group>";
		};
		745EB2051E7E582900B648AA /* runloop加载大图Tests */ = {
			isa = PBXGroup;
			children = (
				745EB2061E7E582900B648AA /* runloop____Tests.m */,
				745EB2081E7E582900B648AA /* Info.plist */,
			);
			path = "runloop加载大图Tests";
			sourceTree = "<group>";
		};
		745EB2101E7E582900B648AA /* runloop加载大图UITests */ = {
			isa = PBXGroup;
			children = (
				745EB2111E7E582900B648AA /* runloop____UITests.m */,
				745EB2131E7E582900B648AA /* Info.plist */,
			);
			path = "runloop加载大图UITests";
			sourceTree = "<group>";
		};
/* End PBXGroup section */

/* Begin PBXNativeTarget section */
		745EB1E81E7E582900B648AA /* runloop加载大图 */ = {
			isa = PBXNativeTarget;
			buildConfigurationList = 745EB2161E7E582900B648AA /* Build configuration list for PBXNativeTarget "runloop加载大图" */;
			buildPhases = (
				745EB1E51E7E582900B648AA /* Sources */,
				745EB1E61E7E582900B648AA /* Frameworks */,
				745EB1E71E7E582900B648AA /* Resources */,
			);
			buildRules = (
			);
			dependencies = (
			);
			name = "runloop加载大图";
			productName = "runloop加载大图";
			productReference = 745EB1E91E7E582900B648AA /* runloop加载大图.app */;
			productType = "com.apple.product-type.application";
		};
		745EB2011E7E582900B648AA /* runloop加载大图Tests */ = {
			isa = PBXNativeTarget;
			buildConfigurationList = 745EB2191E7E582900B648AA /* Build configuration list for PBXNativeTarget "runloop加载大图Tests" */;
			buildPhases = (
				745EB1FE1E7E582900B648AA /* Sources */,
				745EB1FF1E7E582900B648AA /* Frameworks */,
				745EB2001E7E582900B648AA /* Resources */,
			);
			buildRules = (
			);
			dependencies = (
				745EB2041E7E582900B648AA /* PBXTargetDependency */,
			);
			name = "runloop加载大图Tests";
			productName = "runloop加载大图Tests";
			productReference = 745EB2021E7E582900B648AA /* runloop加载大图Tests.xctest */;
			productType = "com.apple.product-type.bundle.unit-test";
		};
		745EB20C1E7E582900B648AA /* runloop加载大图UITests */ = {
			isa = PBXNativeTarget;
			buildConfigurationList = 745EB21C1E7E582900B648AA /* Build configuration list for PBXNativeTarget "runloop加载大图UITests" */;
			buildPhases = (
				745EB2091E7E582900B648AA /* Sources */,
				745EB20A1E7E582900B648AA /* Frameworks */,
				745EB20B1E7E582900B648AA /* Resources */,
			);
			buildRules = (
			);
			dependencies = (
				745EB20F1E7E582900B648AA /* PBXTargetDependency */,
			);
			name = "runloop加载大图UITests";
			productName = "runloop加载大图UITests";
			productReference = 745EB20D1E7E582900B648AA /* runloop加载大图UITests.xctest */;
			productType = "com.apple.product-type.bundle.ui-testing";
		};
/* End PBXNativeTarget section */

/* Begin PBXProject section */
		745EB1E11E7E582800B648AA /* Project object */ = {
			isa = PBXProject;
			attributes = {
				LastUpgradeCheck = 0800;
				ORGANIZATIONNAME = 3D;
				TargetAttributes = {
					745EB1E81E7E582900B648AA = {
						CreatedOnToolsVersion = 8.0;
						ProvisioningStyle = Automatic;
					};
					745EB2011E7E582900B648AA = {
						CreatedOnToolsVersion = 8.0;
						ProvisioningStyle = Automatic;
						TestTargetID = 745EB1E81E7E582900B648AA;
					};
					745EB20C1E7E582900B648AA = {
						CreatedOnToolsVersion = 8.0;
						ProvisioningStyle = Automatic;
						TestTargetID = 745EB1E81E7E582900B648AA;
					};
				};
			};
			buildConfigurationList = 745EB1E41E7E582800B648AA /* Build configuration list for PBXProject "runloop加载大图" */;
			compatibilityVersion = "Xcode 3.2";
			developmentRegion = English;
			hasScannedForEncodings = 0;
			knownRegions = (
				en,
				Base,
			);
			mainGroup = 745EB1E01E7E582800B648AA;
			productRefGroup = 745EB1EA1E7E582900B648AA /* Products */;
			projectDirPath = "";
			projectRoot = "";
			targets = (
				745EB1E81E7E582900B648AA /* runloop加载大图 */,
				745EB2011E7E582900B648AA /* runloop加载大图Tests */,
				745EB20C1E7E582900B648AA /* runloop加载大图UITests */,
			);
		};
/* End PBXProject section */

/* Begin PBXResourcesBuildPhase section */
		745EB1E71E7E582900B648AA /* Resources */ = {
			isa = PBXResourcesBuildPhase;
			buildActionMask = 2147483647;
			files = (
				745EB2211E7E5C0A00B648AA /* spaceship.png in Resources */,
				745EB1FC1E7E582900B648AA /* LaunchScreen.storyboard in Resources */,
				745EB2221E7E5C0A00B648AA /* spaceship.jpg in Resources */,
				745EB1F91E7E582900B648AA /* Assets.xcassets in Resources */,
				745EB1F71E7E582900B648AA /* Main.storyboard in Resources */,
			);
			runOnlyForDeploymentPostprocessing = 0;
		};
		745EB2001E7E582900B648AA /* Resources */ = {
			isa = PBXResourcesBuildPhase;
			buildActionMask = 2147483647;
			files = (
			);
			runOnlyForDeploymentPostprocessing = 0;
		};
		745EB20B1E7E582900B648AA /* Resources */ = {
			isa = PBXResourcesBuildPhase;
			buildActionMask = 2147483647;
			files = (
			);
			runOnlyForDeploymentPostprocessing = 0;
		};
/* End PBXResourcesBuildPhase section */

/* Begin PBXSourcesBuildPhase section */
		745EB1E51E7E582900B648AA /* Sources */ = {
			isa = PBXSourcesBuildPhase;
			buildActionMask = 2147483647;
			files = (
				745EB1F41E7E582900B648AA /* ViewController.m in Sources */,
				745EB1F11E7E582900B648AA /* AppDelegate.m in Sources */,
				745EB1EE1E7E582900B648AA /* main.m in Sources */,
			);
			runOnlyForDeploymentPostprocessing = 0;
		};
		745EB1FE1E7E582900B648AA /* Sources */ = {
			isa = PBXSourcesBuildPhase;
			buildActionMask = 2147483647;
			files = (
				745EB2071E7E582900B648AA /* runloop____Tests.m in Sources */,
			);
			runOnlyForDeploymentPostprocessing = 0;
		};
		745EB2091E7E582900B648AA /* Sources */ = {
			isa = PBXSourcesBuildPhase;
			buildActionMask = 2147483647;
			files = (
				745EB2121E7E582900B648AA /* runloop____UITests.m in Sources */,
			);
			runOnlyForDeploymentPostprocessing = 0;
		};
/* End PBXSourcesBuildPhase section */

/* Begin PBXTargetDependency section */
		745EB2041E7E582900B648AA /* PBXTargetDependency */ = {
			isa = PBXTargetDependency;
			target = 745EB1E81E7E582900B648AA /* runloop加载大图 */;
			targetProxy = 745EB2031E7E582900B648AA /* PBXContainerItemProxy */;
		};
		745EB20F1E7E582900B648AA /* PBXTargetDependency */ = {
			isa = PBXTargetDependency;
			target = 745EB1E81E7E582900B648AA /* runloop加载大图 */;
			targetProxy = 745EB20E1E7E582900B648AA /* PBXContainerItemProxy */;
		};
/* End PBXTargetDependency section */

/* Begin PBXVariantGroup section */
		745EB1F51E7E582900B648AA /* Main.storyboard */ = {
			isa = PBXVariantGroup;
			children = (
				745EB1F61E7E582900B648AA /* Base */,
			);
			name = Main.storyboard;
			sourceTree = "<group>";
		};
		745EB1FA1E7E582900B648AA /* LaunchScreen.storyboard */ = {
			isa = PBXVariantGroup;
			children = (
				745EB1FB1E7E582900B648AA /* Base */,
			);
			name = LaunchScreen.storyboard;
			sourceTree = "<group>";
		};
/* End PBXVariantGroup section */

/* Begin XCBuildConfiguration section */
		745EB2141E7E582900B648AA /* Debug */ = {
			isa = XCBuildConfiguration;
			buildSettings = {
				ALWAYS_SEARCH_USER_PATHS = NO;
				CLANG_ANALYZER_NONNULL = YES;
				CLANG_CXX_LANGUAGE_STANDARD = "gnu++0x";
				CLANG_CXX_LIBRARY = "libc++";
				CLANG_ENABLE_MODULES = YES;
				CLANG_ENABLE_OBJC_ARC = YES;
				CLANG_WARN_BOOL_CONVERSION = YES;
				CLANG_WARN_CONSTANT_CONVERSION = YES;
				CLANG_WARN_DIRECT_OBJC_ISA_USAGE = YES_ERROR;
				CLANG_WARN_DOCUMENTATION_COMMENTS = YES;
				CLANG_WARN_EMPTY_BODY = YES;
				CLANG_WARN_ENUM_CONVERSION = YES;
				CLANG_WARN_INFINITE_RECURSION = YES;
				CLANG_WARN_INT_CONVERSION = YES;
				CLANG_WARN_OBJC_ROOT_CLASS = YES_ERROR;
				CLANG_WARN_SUSPICIOUS_MOVES = YES;
				CLANG_WARN_UNREACHABLE_CODE = YES;
				CLANG_WARN__DUPLICATE_METHOD_MATCH = YES;
				"CODE_SIGN_IDENTITY[sdk=iphoneos*]" = "iPhone Developer";
				COPY_PHASE_STRIP = NO;
				DEBUG_INFORMATION_FORMAT = dwarf;
				ENABLE_STRICT_OBJC_MSGSEND = YES;
				ENABLE_TESTABILITY = YES;
				GCC_C_LANGUAGE_STANDARD = gnu99;
				GCC_DYNAMIC_NO_PIC = NO;
				GCC_NO_COMMON_BLOCKS = YES;
				GCC_OPTIMIZATION_LEVEL = 0;
				GCC_PREPROCESSOR_DEFINITIONS = (
					"DEBUG=1",
					"$(inherited)",
				);
				GCC_WARN_64_TO_32_BIT_CONVERSION = YES;
				GCC_WARN_ABOUT_RETURN_TYPE = YES_ERROR;
				GCC_WARN_UNDECLARED_SELECTOR = YES;
				GCC_WARN_UNINITIALIZED_AUTOS = YES_AGGRESSIVE;
				GCC_WARN_UNUSED_FUNCTION = YES;
				GCC_WARN_UNUSED_VARIABLE = YES;
				IPHONEOS_DEPLOYMENT_TARGET = 10.0;
				MTL_ENABLE_DEBUG_INFO = YES;
				ONLY_ACTIVE_ARCH = YES;
				SDKROOT = iphoneos;
				TARGETED_DEVICE_FAMILY = "1,2";
			};
			name = Debug;
		};
		745EB2151E7E582900B648AA /* Release */ = {
			isa = XCBuildConfiguration;
			buildSettings = {
				ALWAYS_SEARCH_USER_PATHS = NO;
				CLANG_ANALYZER_NONNULL = YES;
				CLANG_CXX_LANGUAGE_STANDARD = "gnu++0x";
				CLANG_CXX_LIBRARY = "libc++";
				CLANG_ENABLE_MODULES = YES;
				CLANG_ENABLE_OBJC_ARC = YES;
				CLANG_WARN_BOOL_CONVERSION = YES;
				CLANG_WARN_CONSTANT_CONVERSION = YES;
				CLANG_WARN_DIRECT_OBJC_ISA_USAGE = YES_ERROR;
				CLANG_WARN_DOCUMENTATION_COMMENTS = YES;
				CLANG_WARN_EMPTY_BODY = YES;
				CLANG_WARN_ENUM_CONVERSION = YES;
				CLANG_WARN_INFINITE_RECURSION = YES;
				CLANG_WARN_INT_CONVERSION = YES;
				CLANG_WARN_OBJC_ROOT_CLASS = YES_ERROR;
				CLANG_WARN_SUSPICIOUS_MOVES = YES;
				CLANG_WARN_UNREACHABLE_CODE = YES;
				CLANG_WARN__DUPLICATE_METHOD_MATCH = YES;
				"CODE_SIGN_IDENTITY[sdk=iphoneos*]" = "iPhone Developer";
				COPY_PHASE_STRIP = NO;
				DEBUG_INFORMATION_FORMAT = "dwarf-with-dsym";
				ENABLE_NS_ASSERTIONS = NO;
				ENABLE_STRICT_OBJC_MSGSEND = YES;
				GCC_C_LANGUAGE_STANDARD = gnu99;
				GCC_NO_COMMON_BLOCKS = YES;
				GCC_WARN_64_TO_32_BIT_CONVERSION = YES;
				GCC_WARN_ABOUT_RETURN_TYPE = YES_ERROR;
				GCC_WARN_UNDECLARED_SELECTOR = YES;
				GCC_WARN_UNINITIALIZED_AUTOS = YES_AGGRESSIVE;
				GCC_WARN_UNUSED_FUNCTION = YES;
				GCC_WARN_UNUSED_VARIABLE = YES;
				IPHONEOS_DEPLOYMENT_TARGET = 10.0;
				MTL_ENABLE_DEBUG_INFO = NO;
				SDKROOT = iphoneos;
				TARGETED_DEVICE_FAMILY = "1,2";
				VALIDATE_PRODUCT = YES;
			};
			name = Release;
		};
		745EB2171E7E582900B648AA /* Debug */ = {
			isa = XCBuildConfiguration;
			buildSettings = {
				ASSETCATALOG_COMPILER_APPICON_NAME = AppIcon;
				INFOPLIST_FILE = "runloop加载大图/Info.plist";
				LD_RUNPATH_SEARCH_PATHS = "$(inherited) @executable_path/Frameworks";
				PRODUCT_BUNDLE_IDENTIFIER = "lcc.runloop----";
				PRODUCT_NAME = "$(TARGET_NAME)";
			};
			name = Debug;
		};
		745EB2181E7E582900B648AA /* Release */ = {
			isa = XCBuildConfiguration;
			buildSettings = {
				ASSETCATALOG_COMPILER_APPICON_NAME = AppIcon;
				INFOPLIST_FILE = "runloop加载大图/Info.plist";
				LD_RUNPATH_SEARCH_PATHS = "$(inherited) @executable_path/Frameworks";
				PRODUCT_BUNDLE_IDENTIFIER = "lcc.runloop----";
				PRODUCT_NAME = "$(TARGET_NAME)";
			};
			name = Release;
		};
		745EB21A1E7E582900B648AA /* Debug */ = {
			isa = XCBuildConfiguration;
			buildSettings = {
				BUNDLE_LOADER = "$(TEST_HOST)";
				INFOPLIST_FILE = "runloop加载大图Tests/Info.plist";
				LD_RUNPATH_SEARCH_PATHS = "$(inherited) @executable_path/Frameworks @loader_path/Frameworks";
				PRODUCT_BUNDLE_IDENTIFIER = "lcc.runloop----Tests";
				PRODUCT_NAME = "$(TARGET_NAME)";
				TEST_HOST = "$(BUILT_PRODUCTS_DIR)/runloop加载大图.app/runloop加载大图";
			};
			name = Debug;
		};
		745EB21B1E7E582900B648AA /* Release */ = {
			isa = XCBuildConfiguration;
			buildSettings = {
				BUNDLE_LOADER = "$(TEST_HOST)";
				INFOPLIST_FILE = "runloop加载大图Tests/Info.plist";
				LD_RUNPATH_SEARCH_PATHS = "$(inherited) @executable_path/Frameworks @loader_path/Frameworks";
				PRODUCT_BUNDLE_IDENTIFIER = "lcc.runloop----Tests";
				PRODUCT_NAME = "$(TARGET_NAME)";
				TEST_HOST = "$(BUILT_PRODUCTS_DIR)/runloop加载大图.app/runloop加载大图";
			};
			name = Release;
		};
		745EB21D1E7E582900B648AA /* Debug */ = {
			isa = XCBuildConfiguration;
			buildSettings = {
				INFOPLIST_FILE = "runloop加载大图UITests/Info.plist";
				LD_RUNPATH_SEARCH_PATHS = "$(inherited) @executable_path/Frameworks @loader_path/Frameworks";
				PRODUCT_BUNDLE_IDENTIFIER = "lcc.runloop----UITests";
				PRODUCT_NAME = "$(TARGET_NAME)";
				TEST_TARGET_NAME = "runloop加载大图";
			};
			name = Debug;
		};
		745EB21E1E7E582900B648AA /* Release */ = {
			isa = XCBuildConfiguration;
			buildSettings = {
				INFOPLIST_FILE = "runloop加载大图UITests/Info.plist";
				LD_RUNPATH_SEARCH_PATHS = "$(inherited) @executable_path/Frameworks @loader_path/Frameworks";
				PRODUCT_BUNDLE_IDENTIFIER = "lcc.runloop----UITests";
				PRODUCT_NAME = "$(TARGET_NAME)";
				TEST_TARGET_NAME = "runloop加载大图";
			};
			name = Release;
		};
/* End XCBuildConfiguration section */

/* Begin XCConfigurationList section */
		745EB1E41E7E582800B648AA /* Build configuration list for PBXProject "runloop加载大图" */ = {
			isa = XCConfigurationList;
			buildConfigurations = (
				745EB2141E7E582900B648AA /* Debug */,
				745EB2151E7E582900B648AA /* Release */,
			);
			defaultConfigurationIsVisible = 0;
			defaultConfigurationName = Release;
		};
		745EB2161E7E582900B648AA /* Build configuration list for PBXNativeTarget "runloop加载大图" */ = {
			isa = XCConfigurationList;
			buildConfigurations = (
				745EB2171E7E582900B648AA /* Debug */,
				745EB2181E7E582900B648AA /* Release */,
			);
			defaultConfigurationIsVisible = 0;
		};
		745EB2191E7E582900B648AA /* Build configuration list for PBXNativeTarget "runloop加载大图Tests" */ = {
			isa = XCConfigurationList;
			buildConfigurations = (
				745EB21A1E7E582900B648AA /* Debug */,
				745EB21B1E7E582900B648AA /* Release */,
			);
			defaultConfigurationIsVisible = 0;
		};
		745EB21C1E7E582900B648AA /* Build configuration list for PBXNativeTarget "runloop加载大图UITests" */ = {
			isa = XCConfigurationList;
			buildConfigurations = (
				745EB21D1E7E582900B648AA /* Debug */,
				745EB21E1E7E582900B648AA /* Release */,
			);
			defaultConfigurationIsVisible = 0;
		};
/* End XCConfigurationList section */
	};
	rootObject = 745EB1E11E7E582800B648AA /* Project object */;
}
